Microsoft Visual Studio Solution File, Format Version 12.00
# Visual Studio Version 17
VisualStudioVersion = 17.4.33213.308
MinimumVisualStudioVersion = 10.0.40219.1
Project("{9A19103F-16F7-4668-BE54-9A1E7A4F7556}") = "PaymentGateway.Domain", "src\core\PaymentGateway.Domain\PaymentGateway.Domain.csproj", "{6C09DB5F-E46B-40A9-B1FD-B42BDF762C62}"
EndProject
Project("{9A19103F-16F7-4668-BE54-9A1E7A4F7556}") = "PaymentGateway.Application", "src\core\PaymentGateway.Application\PaymentGateway.Application.csproj", "{22CF1604-7591-47D9-8AD0-957E536CA0D9}"
EndProject
Project("{9A19103F-16F7-4668-BE54-9A1E7A4F7556}") = "PaymentGateway.Persistence", "src\external\PaymentGateway.Persistence\PaymentGateway.Persistence.csproj", "{4267F07A-1D34-456C-9E1C-F2C7CECF3965}"
EndProject
Project("{9A19103F-16F7-4668-BE54-9A1E7A4F7556}") = "PaymentGateway.Api", "src\external\PaymentGateway.Api\PaymentGateway.Api.csproj", "{E044063A-5F9E-47E4-8762-CBADA7965A48}"
EndProject
Project("{2150E333-8FDC-42A3-9474-1A3956D46DE8}") = "core", "core", "{79214082-53A1-4699-9FA7-394F9A7070DA}"
EndProject
Project("{2150E333-8FDC-42A3-9474-1A3956D46DE8}") = "external", "external", "{1F7F4FAE-5B3B-4800-9655-5F7321A18894}"
EndProject
Project("{2150E333-8FDC-42A3-9474-1A3956D46DE8}") = "tests", "tests", "{58A6E8E6-B68F-44B3-AA60-80210F71EABD}"
EndProject
Project("{9A19103F-16F7-4668-BE54-9A1E7A4F7556}") = "PaymentGateway.Tests", "src\tests\PaymentGateway.Tests\PaymentGateway.Tests.csproj", "{293216E7-20EA-4AF5-93F5-E8CD1A99AEE6}"
EndProject
Project("{9A19103F-16F7-4668-BE54-9A1E7A4F7556}") = "PaymentGateway.Presentation", "src\external\PaymentGateway.Presentation\PaymentGateway.Presentation.csproj", "{C46E61DA-7E25-4DF6-B1B3-85A73363FD56}"
EndProject
Project("{9A19103F-16F7-4668-BE54-9A1E7A4F7556}") = "PaymentGateway.Consumers", "src\external\PaymentGateway.Consumers\PaymentGateway.Consumers.csproj", "{7F8205F1-938D-4217-84F0-68A85B1DB0ED}"
EndProject
Project("{9A19103F-16F7-4668-BE54-9A1E7A4F7556}") = "PaymentGateway.Contracts", "src\external\PaymentGateway.Contracts\PaymentGateway.Contracts.csproj", "{92D39D54-E0E1-4656-B581-A5CB318F39D6}"
EndProject
Project("{2150E333-8FDC-42A3-9474-1A3956D46DE8}") = "Solution Items", "Solution Items", "{1FAEF032-6019-4A5A-8F6C-7297F1791C76}"
	ProjectSection(SolutionItems) = preProject
		Config\appsettings.json = Config\appsettings.json
		docker-compose.override.yaml = docker-compose.override.yaml
		docker-compose.yaml = docker-compose.yaml
	EndProjectSection
EndProject
Global
	GlobalSection(SolutionConfigurationPlatforms) = preSolution
		Debug|Any CPU = Debug|Any CPU
		Release|Any CPU = Release|Any CPU
	EndGlobalSection
	GlobalSection(ProjectConfigurationPlatforms) = postSolution
		{6C09DB5F-E46B-40A9-B1FD-B42BDF762C62}.Debug|Any CPU.ActiveCfg = Debug|Any CPU
		{6C09DB5F-E46B-40A9-B1FD-B42BDF762C62}.Debug|Any CPU.Build.0 = Debug|Any CPU
		{6C09DB5F-E46B-40A9-B1FD-B42BDF762C62}.Release|Any CPU.ActiveCfg = Release|Any CPU
		{6C09DB5F-E46B-40A9-B1FD-B42BDF762C62}.Release|Any CPU.Build.0 = Release|Any CPU
		{22CF1604-7591-47D9-8AD0-957E536CA0D9}.Debug|Any CPU.ActiveCfg = Debug|Any CPU
		{22CF1604-7591-47D9-8AD0-957E536CA0D9}.Debug|Any CPU.Build.0 = Debug|Any CPU
		{22CF1604-7591-47D9-8AD0-957E536CA0D9}.Release|Any CPU.ActiveCfg = Release|Any CPU
		{22CF1604-7591-47D9-8AD0-957E536CA0D9}.Release|Any CPU.Build.0 = Release|Any CPU
		{4267F07A-1D34-456C-9E1C-F2C7CECF3965}.Debug|Any CPU.ActiveCfg = Debug|Any CPU
		{4267F07A-1D34-456C-9E1C-F2C7CECF3965}.Debug|Any CPU.Build.0 = Debug|Any CPU
		{4267F07A-1D34-456C-9E1C-F2C7CECF3965}.Release|Any CPU.ActiveCfg = Release|Any CPU
		{4267F07A-1D34-456C-9E1C-F2C7CECF3965}.Release|Any CPU.Build.0 = Release|Any CPU
		{E044063A-5F9E-47E4-8762-CBADA7965A48}.Debug|Any CPU.ActiveCfg = Debug|Any CPU
		{E044063A-5F9E-47E4-8762-CBADA7965A48}.Debug|Any CPU.Build.0 = Debug|Any CPU
		{E044063A-5F9E-47E4-8762-CBADA7965A48}.Release|Any CPU.ActiveCfg = Release|Any CPU
		{E044063A-5F9E-47E4-8762-CBADA7965A48}.Release|Any CPU.Build.0 = Release|Any CPU
		{293216E7-20EA-4AF5-93F5-E8CD1A99AEE6}.Debug|Any CPU.ActiveCfg = Debug|Any CPU
		{293216E7-20EA-4AF5-93F5-E8CD1A99AEE6}.Debug|Any CPU.Build.0 = Debug|Any CPU
		{293216E7-20EA-4AF5-93F5-E8CD1A99AEE6}.Release|Any CPU.ActiveCfg = Release|Any CPU
		{293216E7-20EA-4AF5-93F5-E8CD1A99AEE6}.Release|Any CPU.Build.0 = Release|Any CPU
		{C46E61DA-7E25-4DF6-B1B3-85A73363FD56}.Debug|Any CPU.ActiveCfg = Debug|Any CPU
		{C46E61DA-7E25-4DF6-B1B3-85A73363FD56}.Debug|Any CPU.Build.0 = Debug|Any CPU
		{C46E61DA-7E25-4DF6-B1B3-85A73363FD56}.Release|Any CPU.ActiveCfg = Release|Any CPU
		{C46E61DA-7E25-4DF6-B1B3-85A73363FD56}.Release|Any CPU.Build.0 = Release|Any CPU
		{7F8205F1-938D-4217-84F0-68A85B1DB0ED}.Debug|Any CPU.ActiveCfg = Debug|Any CPU
		{7F8205F1-938D-4217-84F0-68A85B1DB0ED}.Debug|Any CPU.Build.0 = Debug|Any CPU
		{7F8205F1-938D-4217-84F0-68A85B1DB0ED}.Release|Any CPU.ActiveCfg = Release|Any CPU
		{7F8205F1-938D-4217-84F0-68A85B1DB0ED}.Release|Any CPU.Build.0 = Release|Any CPU
		{92D39D54-E0E1-4656-B581-A5CB318F39D6}.Debug|Any CPU.ActiveCfg = Debug|Any CPU
		{92D39D54-E0E1-4656-B581-A5CB318F39D6}.Debug|Any CPU.Build.0 = Debug|Any CPU
		{92D39D54-E0E1-4656-B581-A5CB318F39D6}.Release|Any CPU.ActiveCfg = Release|Any CPU
		{92D39D54-E0E1-4656-B581-A5CB318F39D6}.Release|Any CPU.Build.0 = Release|Any CPU
	EndGlobalSection
	GlobalSection(SolutionProperties) = preSolution
		HideSolutionNode = FALSE
	EndGlobalSection
	GlobalSection(NestedProjects) = preSolution
		{6C09DB5F-E46B-40A9-B1FD-B42BDF762C62} = {79214082-53A1-4699-9FA7-394F9A7070DA}
		{22CF1604-7591-47D9-8AD0-957E536CA0D9} = {79214082-53A1-4699-9FA7-394F9A7070DA}
		{4267F07A-1D34-456C-9E1C-F2C7CECF3965} = {1F7F4FAE-5B3B-4800-9655-5F7321A18894}
		{E044063A-5F9E-47E4-8762-CBADA7965A48} = {1F7F4FAE-5B3B-4800-9655-5F7321A18894}
		{293216E7-20EA-4AF5-93F5-E8CD1A99AEE6} = {58A6E8E6-B68F-44B3-AA60-80210F71EABD}
		{C46E61DA-7E25-4DF6-B1B3-85A73363FD56} = {1F7F4FAE-5B3B-4800-9655-5F7321A18894}
		{7F8205F1-938D-4217-84F0-68A85B1DB0ED} = {1F7F4FAE-5B3B-4800-9655-5F7321A18894}
		{92D39D54-E0E1-4656-B581-A5CB318F39D6} = {1F7F4FAE-5B3B-4800-9655-5F7321A18894}
	EndGlobalSection
	GlobalSection(ExtensibilityGlobals) = postSolution
		SolutionGuid = {E3EEB1DE-CD14-4EAF-BB15-7B83592EB07B}
	EndGlobalSection
EndGlobal
